// !$*UTF8*$!
{
	archiveVersion = 1;
	classes = {
	};
	objectVersion = 46;
	objects = {

/* Begin PBXBuildFile section */
		1F833A741D46FB2C00602A39 /* main.m in Sources */ = {isa = PBXBuildFile; fileRef = 1F833A731D46FB2C00602A39 /* main.m */; };
		1F833A771D46FB2C00602A39 /* AppDelegate.m in Sources */ = {isa = PBXBuildFile; fileRef = 1F833A761D46FB2C00602A39 /* AppDelegate.m */; };
		1F833A7A1D46FB2C00602A39 /* ViewController.m in Sources */ = {isa = PBXBuildFile; fileRef = 1F833A791D46FB2C00602A39 /* ViewController.m */; };
		1F833A7D1D46FB2C00602A39 /* Main.storyboard in Resources */ = {isa = PBXBuildFile; fileRef = 1F833A7B1D46FB2C00602A39 /* Main.storyboard */; };
		1F833A7F1D46FB2C00602A39 /* Assets.xcassets in Resources */ = {isa = PBXBuildFile; fileRef = 1F833A7E1D46FB2C00602A39 /* Assets.xcassets */; };
		1F833A821D46FB2C00602A39 /* LaunchScreen.storyboard in Resources */ = {isa = PBXBuildFile; fileRef = 1F833A801D46FB2C00602A39 /* LaunchScreen.storyboard */; };
		1F833A8D1D46FBF100602A39 /* aaa.jpg in Resources */ = {isa = PBXBuildFile; fileRef = 1F833A8C1D46FBF100602A39 /* aaa.jpg */; };
		1F833A9D1D4704DC00602A39 /* EQImageEditorViewController.m in Sources */ = {isa = PBXBuildFile; fileRef = 1F833A8F1D4704DC00602A39 /* EQImageEditorViewController.m */; };
		1F833A9E1D4704DC00602A39 /* EQImageEditorViewController.xib in Resources */ = {isa = PBXBuildFile; fileRef = 1F833A901D4704DC00602A39 /* EQImageEditorViewController.xib */; };
		1F833A9F1D4704DC00602A39 /* EQRGBColorInfo.m in Sources */ = {isa = PBXBuildFile; fileRef = 1F833A921D4704DC00602A39 /* EQRGBColorInfo.m */; };
		1F833AA01D4704DC00602A39 /* EQDrawingPath.m in Sources */ = {isa = PBXBuildFile; fileRef = 1F833A941D4704DC00602A39 /* EQDrawingPath.m */; };
		1F833AA11D4704DC00602A39 /* EQTouchDrawImageView.m in Sources */ = {isa = PBXBuildFile; fileRef = 1F833A961D4704DC00602A39 /* EQTouchDrawImageView.m */; };
		1F833AA61D47084900602A39 /* CoreGraphics.framework in Frameworks */ = {isa = PBXBuildFile; fileRef = 1F833AA51D47084900602A39 /* CoreGraphics.framework */; };
		1F833AB51D470B0B00602A39 /* edit_img_enrase.png in Resources */ = {isa = PBXBuildFile; fileRef = 1F833AAA1D470B0B00602A39 /* edit_img_enrase.png */; };
		1F833AB91D470B0B00602A39 /* edit_img_yello.png in Resources */ = {isa = PBXBuildFile; fileRef = 1F833AAE1D470B0B00602A39 /* edit_img_yello.png */; };
		1F833ABA1D470B0B00602A39 /* edit_img_red.png in Resources */ = {isa = PBXBuildFile; fileRef = 1F833AAF1D470B0B00602A39 /* edit_img_red.png */; };
		1F833ABB1D470B0B00602A39 /* edit_img_blue.png in Resources */ = {isa = PBXBuildFile; fileRef = 1F833AB01D470B0B00602A39 /* edit_img_blue.png */; };
		1F833AC91D48A40700602A39 /* EQNewDrawTool.m in Sources */ = {isa = PBXBuildFile; fileRef = 1F833AC81D48A40700602A39 /* EQNewDrawTool.m */; };
		1F833ACB1D48B26C00602A39 /* edit_img_mosaic.png in Resources */ = {isa = PBXBuildFile; fileRef = 1F833ACA1D48B26C00602A39 /* edit_img_mosaic.png */; };
		1F833ACD1D48B28800602A39 /* edit_img_black.png in Resources */ = {isa = PBXBuildFile; fileRef = 1F833ACC1D48B28800602A39 /* edit_img_black.png */; };
		1FC6DFE11D49FDD8002F9A2A /* UIImage+fixOrientation.m in Sources */ = {isa = PBXBuildFile; fileRef = 1FC6DFE01D49FDD8002F9A2A /* UIImage+fixOrientation.m */; };
/* End PBXBuildFile section */

/* Begin PBXFileReference section */
		1F833A6F1D46FB2C00602A39 /* MosaicDemo.app */ = {isa = PBXFileReference; explicitFileType = wrapper.application; includeInIndex = 0; path = MosaicDemo.app; sourceTree = BUILT_PRODUCTS_DIR; };
		1F833A731D46FB2C00602A39 /* main.m */ = {isa = PBXFileReference; lastKnownFileType = sourcecode.c.objc; path = main.m; sourceTree = "<group>"; };
		1F833A751D46FB2C00602A39 /* AppDelegate.h */ = {isa = PBXFileReference; lastKnownFileType = sourcecode.c.h; path = AppDelegate.h; sourceTree = "<group>"; };
		1F833A761D46FB2C00602A39 /* AppDelegate.m */ = {isa = PBXFileReference; lastKnownFileType = sourcecode.c.objc; path = AppDelegate.m; sourceTree = "<group>"; };
		1F833A781D46FB2C00602A39 /* ViewController.h */ = {isa = PBXFileReference; lastKnownFileType = sourcecode.c.h; path = ViewController.h; sourceTree = "<group>"; };
		1F833A791D46FB2C00602A39 /* ViewController.m */ = {isa = PBXFileReference; lastKnownFileType = sourcecode.c.objc; path = ViewController.m; sourceTree = "<group>"; };
		1F833A7C1D46FB2C00602A39 /* Base */ = {isa = PBXFileReference; lastKnownFileType = file.storyboard; name = Base; path = Base.lproj/Main.storyboard; sourceTree = "<group>"; };
		1F833A7E1D46FB2C00602A39 /* Assets.xcassets */ = {isa = PBXFileReference; lastKnownFileType = folder.assetcatalog; path = Assets.xcassets; sourceTree = "<group>"; };
		1F833A811D46FB2C00602A39 /* Base */ = {isa = PBXFileReference; lastKnownFileType = file.storyboard; name = Base; path = Base.lproj/LaunchScreen.storyboard; sourceTree = "<group>"; };
		1F833A831D46FB2C00602A39 /* Info.plist */ = {isa = PBXFileReference; lastKnownFileType = text.plist.xml; path = Info.plist; sourceTree = "<group>"; };
		1F833A8C1D46FBF100602A39 /* aaa.jpg */ = {isa = PBXFileReference; lastKnownFileType = image.jpeg; path = aaa.jpg; sourceTree = "<group>"; };
		1F833A8E1D4704DC00602A39 /* EQImageEditorViewController.h */ = {isa = PBXFileReference; fileEncoding = 4; lastKnownFileType = sourcecode.c.h; path = EQImageEditorViewController.h; sourceTree = "<group>"; };
		1F833A8F1D4704DC00602A39 /* EQImageEditorViewController.m */ = {isa = PBXFileReference; fileEncoding = 4; lastKnownFileType = sourcecode.c.objc; path = EQImageEditorViewController.m; sourceTree = "<group>"; };
		1F833A901D4704DC00602A39 /* EQImageEditorViewController.xib */ = {isa = PBXFileReference; fileEncoding = 4; lastKnownFileType = file.xib; path = EQImageEditorViewController.xib; sourceTree = "<group>"; };
		1F833A911D4704DC00602A39 /* EQRGBColorInfo.h */ = {isa = PBXFileReference; fileEncoding = 4; lastKnownFileType = sourcecode.c.h; path = EQRGBColorInfo.h; sourceTree = "<group>"; };
		1F833A921D4704DC00602A39 /* EQRGBColorInfo.m */ = {isa = PBXFileReference; fileEncoding = 4; lastKnownFileType = sourcecode.c.objc; path = EQRGBColorInfo.m; sourceTree = "<group>"; };
		1F833A931D4704DC00602A39 /* EQDrawingPath.h */ = {isa = PBXFileReference; fileEncoding = 4; lastKnownFileType = sourcecode.c.h; path = EQDrawingPath.h; sourceTree = "<group>"; };
		1F833A941D4704DC00602A39 /* EQDrawingPath.m */ = {isa = PBXFileReference; fileEncoding = 4; lastKnownFileType = sourcecode.c.objc; path = EQDrawingPath.m; sourceTree = "<group>"; };
		1F833A951D4704DC00602A39 /* EQTouchDrawImageView.h */ = {isa = PBXFileReference; fileEncoding = 4; lastKnownFileType = sourcecode.c.h; path = EQTouchDrawImageView.h; sourceTree = "<group>"; };
		1F833A961D4704DC00602A39 /* EQTouchDrawImageView.m */ = {isa = PBXFileReference; fileEncoding = 4; lastKnownFileType = sourcecode.c.objc; path = EQTouchDrawImageView.m; sourceTree = "<group>"; };
		1F833AA51D47084900602A39 /* CoreGraphics.framework */ = {isa = PBXFileReference; lastKnownFileType = wrapper.framework; name = CoreGraphics.framework; path = System/Library/Frameworks/CoreGraphics.framework; sourceTree = SDKROOT; };
		1F833AAA1D470B0B00602A39 /* edit_img_enrase.png */ = {isa = PBXFileReference; lastKnownFileType = image.png; path = edit_img_enrase.png; sourceTree = "<group>"; };
		1F833AAE1D470B0B00602A39 /* edit_img_yello.png */ = {isa = PBXFileReference; lastKnownFileType = image.png; path = edit_img_yello.png; sourceTree = "<group>"; };
		1F833AAF1D470B0B00602A39 /* edit_img_red.png */ = {isa = PBXFileReference; lastKnownFileType = image.png; path = edit_img_red.png; sourceTree = "<group>"; };
		1F833AB01D470B0B00602A39 /* edit_img_blue.png */ = {isa = PBXFileReference; lastKnownFileType = image.png; path = edit_img_blue.png; sourceTree = "<group>"; };
		1F833AC71D48A40700602A39 /* EQNewDrawTool.h */ = {isa = PBXFileReference; fileEncoding = 4; lastKnownFileType = sourcecode.c.h; path = EQNewDrawTool.h; sourceTree = "<group>"; };
		1F833AC81D48A40700602A39 /* EQNewDrawTool.m */ = {isa = PBXFileReference; fileEncoding = 4; lastKnownFileType = sourcecode.c.objc; path = EQNewDrawTool.m; sourceTree = "<group>"; };
		1F833ACA1D48B26C00602A39 /* edit_img_mosaic.png */ = {isa = PBXFileReference; lastKnownFileType = image.png; path = edit_img_mosaic.png; sourceTree = "<group>"; };
		1F833ACC1D48B28800602A39 /* edit_img_black.png */ = {isa = PBXFileReference; lastKnownFileType = image.png; path = edit_img_black.png; sourceTree = "<group>"; };
		1FC6DFDF1D49FDD8002F9A2A /* UIImage+fixOrientation.h */ = {isa = PBXFileReference; fileEncoding = 4; lastKnownFileType = sourcecode.c.h; path = "UIImage+fixOrientation.h"; sourceTree = "<group>"; };
		1FC6DFE01D49FDD8002F9A2A /* UIImage+fixOrientation.m */ = {isa = PBXFileReference; fileEncoding = 4; lastKnownFileType = sourcecode.c.objc; path = "UIImage+fixOrientation.m"; sourceTree = "<group>"; };
/* End PBXFileReference section */

/* Begin PBXFrameworksBuildPhase section */
		1F833A6C1D46FB2C00602A39 /* Frameworks */ = {
			isa = PBXFrameworksBuildPhase;
			buildActionMask = 2147483647;
			files = (
				1F833AA61D47084900602A39 /* CoreGraphics.framework in Frameworks */,
			);
			runOnlyForDeploymentPostprocessing = 0;
		};
/* End PBXFrameworksBuildPhase section */

/* Begin PBXGroup section */
		1F833A661D46FB2C00602A39 = {
			isa = PBXGroup;
			children = (
				1F833AA51D47084900602A39 /* CoreGraphics.framework */,
				1F833A711D46FB2C00602A39 /* MosaicDemo */,
				1F833A701D46FB2C00602A39 /* Products */,
			);
			sourceTree = "<group>";
		};
		1F833A701D46FB2C00602A39 /* Products */ = {
			isa = PBXGroup;
			children = (
				1F833A6F1D46FB2C00602A39 /* MosaicDemo.app */,
			);
			name = Products;
			sourceTree = "<group>";
		};
		1F833A711D46FB2C00602A39 /* MosaicDemo */ = {
			isa = PBXGroup;
			children = (
				1F833A751D46FB2C00602A39 /* AppDelegate.h */,
				1F833A761D46FB2C00602A39 /* AppDelegate.m */,
				1F833A781D46FB2C00602A39 /* ViewController.h */,
				1F833A791D46FB2C00602A39 /* ViewController.m */,
				1FC6DFDF1D49FDD8002F9A2A /* UIImage+fixOrientation.h */,
				1FC6DFE01D49FDD8002F9A2A /* UIImage+fixOrientation.m */,
				1FC6DFDE1D49B9C7002F9A2A /* mosaic */,
				1FC6DFDD1D49AD8A002F9A2A /* image */,
				1F833A7B1D46FB2C00602A39 /* Main.storyboard */,
				1F833A8C1D46FBF100602A39 /* aaa.jpg */,
				1F833A7E1D46FB2C00602A39 /* Assets.xcassets */,
				1F833A801D46FB2C00602A39 /* LaunchScreen.storyboard */,
				1F833A831D46FB2C00602A39 /* Info.plist */,
				1F833A721D46FB2C00602A39 /* Supporting Files */,
			);
			path = MosaicDemo;
			sourceTree = "<group>";
		};
		1F833A721D46FB2C00602A39 /* Supporting Files */ = {
			isa = PBXGroup;
			children = (
				1F833A731D46FB2C00602A39 /* main.m */,
			);
			name = "Supporting Files";
			sourceTree = "<group>";
		};
		1FC6DFDD1D49AD8A002F9A2A /* image */ = {
			isa = PBXGroup;
			children = (
				1F833ACC1D48B28800602A39 /* edit_img_black.png */,
				1F833ACA1D48B26C00602A39 /* edit_img_mosaic.png */,
				1F833AAA1D470B0B00602A39 /* edit_img_enrase.png */,
				1F833AAE1D470B0B00602A39 /* edit_img_yello.png */,
				1F833AAF1D470B0B00602A39 /* edit_img_red.png */,
				1F833AB01D470B0B00602A39 /* edit_img_blue.png */,
			);
			name = image;
			sourceTree = "<group>";
		};
		1FC6DFDE1D49B9C7002F9A2A /* mosaic */ = {
			isa = PBXGroup;
			children = (
				1F833A8E1D4704DC00602A39 /* EQImageEditorViewController.h */,
				1F833A8F1D4704DC00602A39 /* EQImageEditorViewController.m */,
				1F833A901D4704DC00602A39 /* EQImageEditorViewController.xib */,
				1F833A911D4704DC00602A39 /* EQRGBColorInfo.h */,
				1F833A921D4704DC00602A39 /* EQRGBColorInfo.m */,
				1F833A931D4704DC00602A39 /* EQDrawingPath.h */,
				1F833A941D4704DC00602A39 /* EQDrawingPath.m */,
				1F833A951D4704DC00602A39 /* EQTouchDrawImageView.h */,
				1F833A961D4704DC00602A39 /* EQTouchDrawImageView.m */,
				1F833AC71D48A40700602A39 /* EQNewDrawTool.h */,
				1F833AC81D48A40700602A39 /* EQNewDrawTool.m */,
			);
			name = mosaic;
			sourceTree = "<group>";
		};
/* End PBXGroup section */

/* Begin PBXNativeTarget section */
		1F833A6E1D46FB2C00602A39 /* MosaicDemo */ = {
			isa = PBXNativeTarget;
			buildConfigurationList = 1F833A861D46FB2C00602A39 /* Build configuration list for PBXNativeTarget "MosaicDemo" */;
			buildPhases = (
				1F833A6B1D46FB2C00602A39 /* Sources */,
				1F833A6C1D46FB2C00602A39 /* Frameworks */,
				1F833A6D1D46FB2C00602A39 /* Resources */,
			);
			buildRules = (
			);
			dependencies = (
			);
			name = MosaicDemo;
			productName = MosaicDemo;
			productReference = 1F833A6F1D46FB2C00602A39 /* MosaicDemo.app */;
			productType = "com.apple.product-type.application";
		};
/* End PBXNativeTarget section */

/* Begin PBXProject section */
		1F833A671D46FB2C00602A39 /* Project object */ = {
			isa = PBXProject;
			attributes = {
				LastUpgradeCheck = 0720;
				ORGANIZATIONNAME = heer;
				TargetAttributes = {
					1F833A6E1D46FB2C00602A39 = {
						CreatedOnToolsVersion = 7.2;
						DevelopmentTeam = B37UUGT79A;
					};
				};
			};
			buildConfigurationList = 1F833A6A1D46FB2C00602A39 /* Build configuration list for PBXProject "MosaicDemo" */;
			compatibilityVersion = "Xcode 3.2";
			developmentRegion = English;
			hasScannedForEncodings = 0;
			knownRegions = (
				en,
				Base,
			);
			mainGroup = 1F833A661D46FB2C00602A39;
			productRefGroup = 1F833A701D46FB2C00602A39 /* Products */;
			projectDirPath = "";
			projectRoot = "";
			targets = (
				1F833A6E1D46FB2C00602A39 /* MosaicDemo */,
			);
		};
/* End PBXProject section */

/* Begin PBXResourcesBuildPhase section */
		1F833A6D1D46FB2C00602A39 /* Resources */ = {
			isa = PBXResourcesBuildPhase;
			buildActionMask = 2147483647;
			files = (
				1F833A9E1D4704DC00602A39 /* EQImageEditorViewController.xib in Resources */,
				1F833ABB1D470B0B00602A39 /* edit_img_blue.png in Resources */,
				1F833ACD1D48B28800602A39 /* edit_img_black.png in Resources */,
				1F833A821D46FB2C00602A39 /* LaunchScreen.storyboard in Resources */,
				1F833A8D1D46FBF100602A39 /* aaa.jpg in Resources */,
				1F833AB51D470B0B00602A39 /* edit_img_enrase.png in Resources */,
				1F833ACB1D48B26C00602A39 /* edit_img_mosaic.png in Resources */,
				1F833ABA1D470B0B00602A39 /* edit_img_red.png in Resources */,
				1F833A7F1D46FB2C00602A39 /* Assets.xcassets in Resources */,
				1F833A7D1D46FB2C00602A39 /* Main.storyboard in Resources */,
				1F833AB91D470B0B00602A39 /* edit_img_yello.png in Resources */,
			);
			runOnlyForDeploymentPostprocessing = 0;
		};
/* End PBXResourcesBuildPhase section */

/* Begin PBXSourcesBuildPhase section */
		1F833A6B1D46FB2C00602A39 /* Sources */ = {
			isa = PBXSourcesBuildPhase;
			buildActionMask = 2147483647;
			files = (
				1F833A7A1D46FB2C00602A39 /* ViewController.m in Sources */,
				1F833AC91D48A40700602A39 /* EQNewDrawTool.m in Sources */,
				1F833A9F1D4704DC00602A39 /* EQRGBColorInfo.m in Sources */,
				1F833A771D46FB2C00602A39 /* AppDelegate.m in Sources */,
				1F833AA01D4704DC00602A39 /* EQDrawingPath.m in Sources */,
				1F833A9D1D4704DC00602A39 /* EQImageEditorViewController.m in Sources */,
				1FC6DFE11D49FDD8002F9A2A /* UIImage+fixOrientation.m in Sources */,
				1F833AA11D4704DC00602A39 /* EQTouchDrawImageView.m in Sources */,
				1F833A741D46FB2C00602A39 /* main.m in Sources */,
			);
			runOnlyForDeploymentPostprocessing = 0;
		};
/* End PBXSourcesBuildPhase section */

/* Begin PBXVariantGroup section */
		1F833A7B1D46FB2C00602A39 /* Main.storyboard */ = {
			isa = PBXVariantGroup;
			children = (
				1F833A7C1D46FB2C00602A39 /* Base */,
			);
			name = Main.storyboard;
			sourceTree = "<group>";
		};
		1F833A801D46FB2C00602A39 /* LaunchScreen.storyboard */ = {
			isa = PBXVariantGroup;
			children = (
				1F833A811D46FB2C00602A39 /* Base */,
			);
			name = LaunchScreen.storyboard;
			sourceTree = "<group>";
		};
/* End PBXVariantGroup section */

/* Begin XCBuildConfiguration section */
		1F833A841D46FB2C00602A39 /* Debug */ = {
			isa = XCBuildConfiguration;
			buildSettings = {
				ALWAYS_SEARCH_USER_PATHS = NO;
				CLANG_CXX_LANGUAGE_STANDARD = "gnu++0x";
				CLANG_CXX_LIBRARY = "libc++";
				CLANG_ENABLE_MODULES = YES;
				CLANG_ENABLE_OBJC_ARC = YES;
				CLANG_WARN_BOOL_CONVERSION = YES;
				CLANG_WARN_CONSTANT_CONVERSION = YES;
				CLANG_WARN_DIRECT_OBJC_ISA_USAGE = YES_ERROR;
				CLANG_WARN_EMPTY_BODY = YES;
				CLANG_WARN_ENUM_CONVERSION = YES;
				CLANG_WARN_INT_CONVERSION = YES;
				CLANG_WARN_OBJC_ROOT_CLASS = YES_ERROR;
				CLANG_WARN_UNREACHABLE_CODE = YES;
				CLANG_WARN__DUPLICATE_METHOD_MATCH = YES;
				"CODE_SIGN_IDENTITY[sdk=iphoneos*]" = "iPhone Developer";
				COPY_PHASE_STRIP = NO;
				DEBUG_INFORMATION_FORMAT = dwarf;
				ENABLE_STRICT_OBJC_MSGSEND = YES;
				ENABLE_TESTABILITY = NO;
				GCC_C_LANGUAGE_STANDARD = gnu99;
				GCC_DYNAMIC_NO_PIC = NO;
				GCC_NO_COMMON_BLOCKS = YES;
				GCC_OPTIMIZATION_LEVEL = 0;
				GCC_PREPROCESSOR_DEFINITIONS = (
					"DEBUG=1",
					"$(inherited)",
				);
				GCC_WARN_64_TO_32_BIT_CONVERSION = YES;
				GCC_WARN_ABOUT_RETURN_TYPE = YES_ERROR;
				GCC_WARN_UNDECLARED_SELECTOR = YES;
				GCC_WARN_UNINITIALIZED_AUTOS = YES_AGGRESSIVE;
				GCC_WARN_UNUSED_FUNCTION = YES;
				GCC_WARN_UNUSED_VARIABLE = YES;
				IPHONEOS_DEPLOYMENT_TARGET = 9.2;
				MTL_ENABLE_DEBUG_INFO = YES;
				ONLY_ACTIVE_ARCH = YES;
				SDKROOT = iphoneos;
			};
			name = Debug;
		};
		1F833A851D46FB2C00602A39 /* Release */ = {
			isa = XCBuildConfiguration;
			buildSettings = {
				ALWAYS_SEARCH_USER_PATHS = NO;
				CLANG_CXX_LANGUAGE_STANDARD = "gnu++0x";
				CLANG_CXX_LIBRARY = "libc++";
				CLANG_ENABLE_MODULES = YES;
				CLANG_ENABLE_OBJC_ARC = YES;
				CLANG_WARN_BOOL_CONVERSION = YES;
				CLANG_WARN_CONSTANT_CONVERSION = YES;
				CLANG_WARN_DIRECT_OBJC_ISA_USAGE = YES_ERROR;
				CLANG_WARN_EMPTY_BODY = YES;
				CLANG_WARN_ENUM_CONVERSION = YES;
				CLANG_WARN_INT_CONVERSION = YES;
				CLANG_WARN_OBJC_ROOT_CLASS = YES_ERROR;
				CLANG_WARN_UNREACHABLE_CODE = YES;
				CLANG_WARN__DUPLICATE_METHOD_MATCH = YES;
				"CODE_SIGN_IDENTITY[sdk=iphoneos*]" = "iPhone Developer";
				COPY_PHASE_STRIP = NO;
				DEBUG_INFORMATION_FORMAT = "dwarf-with-dsym";
				ENABLE_NS_ASSERTIONS = NO;
				ENABLE_STRICT_OBJC_MSGSEND = YES;
				GCC_C_LANGUAGE_STANDARD = gnu99;
				GCC_NO_COMMON_BLOCKS = YES;
				GCC_WARN_64_TO_32_BIT_CONVERSION = YES;
				GCC_WARN_ABOUT_RETURN_TYPE = YES_ERROR;
				GCC_WARN_UNDECLARED_SELECTOR = YES;
				GCC_WARN_UNINITIALIZED_AUTOS = YES_AGGRESSIVE;
				GCC_WARN_UNUSED_FUNCTION = YES;
				GCC_WARN_UNUSED_VARIABLE = YES;
				IPHONEOS_DEPLOYMENT_TARGET = 9.2;
				MTL_ENABLE_DEBUG_INFO = NO;
				SDKROOT = iphoneos;
				VALIDATE_PRODUCT = NO;
			};
			name = Release;
		};
		1F833A871D46FB2C00602A39 /* Debug */ = {
			isa = XCBuildConfiguration;
			buildSettings = {
				ASSETCATALOG_COMPILER_APPICON_NAME = AppIcon;
				CODE_SIGN_IDENTITY = "iPhone Developer";
				ENABLE_BITCODE = NO;
				INFOPLIST_FILE = MosaicDemo/Info.plist;
				IPHONEOS_DEPLOYMENT_TARGET = 5.0;
				LD_RUNPATH_SEARCH_PATHS = "$(inherited) @executable_path/Frameworks";
				PRODUCT_BUNDLE_IDENTIFIER = com.heer.MosaicDemo;
				PRODUCT_NAME = "$(TARGET_NAME)";
			};
			name = Debug;
		};
		1F833A881D46FB2C00602A39 /* Release */ = {
			isa = XCBuildConfiguration;
			buildSettings = {
				ASSETCATALOG_COMPILER_APPICON_NAME = AppIcon;
				CODE_SIGN_IDENTITY = "iPhone Developer";
				ENABLE_BITCODE = NO;
				INFOPLIST_FILE = MosaicDemo/Info.plist;
				IPHONEOS_DEPLOYMENT_TARGET = 5.0;
				LD_RUNPATH_SEARCH_PATHS = "$(inherited) @executable_path/Frameworks";
				PRODUCT_BUNDLE_IDENTIFIER = com.heer.MosaicDemo;
				PRODUCT_NAME = "$(TARGET_NAME)";
			};
			name = Release;
		};
/* End XCBuildConfiguration section */

/* Begin XCConfigurationList section */
		1F833A6A1D46FB2C00602A39 /* Build configuration list for PBXProject "MosaicDemo" */ = {
			isa = XCConfigurationList;
			buildConfigurations = (
				1F833A841D46FB2C00602A39 /* Debug */,
				1F833A851D46FB2C00602A39 /* Release */,
			);
			defaultConfigurationIsVisible = 0;
			defaultConfigurationName = Release;
		};
		1F833A861D46FB2C00602A39 /* Build configuration list for PBXNativeTarget "MosaicDemo" */ = {
			isa = XCConfigurationList;
			buildConfigurations = (
				1F833A871D46FB2C00602A39 /* Debug */,
				1F833A881D46FB2C00602A39 /* Release */,
			);
			defaultConfigurationIsVisible = 0;
			defaultConfigurationName = Release;
		};
/* End XCConfigurationList section */
	};
	rootObject = 1F833A671D46FB2C00602A39 /* Project object */;
}
